
Microsoft Visual Studio Solution File, Format Version 12.00
# Visual Studio Version 17
VisualStudioVersion = 17.0.31903.59
MinimumVisualStudioVersion = 10.0.40219.1
Project("{FAE04EC0-301F-11D3-BF4B-00C04F79EFBC}") = "RebarMind.Core", "RebarMind.Core\RebarMind.Core.csproj", "{628FC376-C516-47E1-8580-E0BDCCA015E1}"
EndProject
Project("{FAE04EC0-301F-11D3-BF4B-00C04F79EFBC}") = "RebarMind.RevitAddin", "RebarMind.RevitAddin\RebarMind.RevitAddin.csproj", "{F355B63A-2326-43BE-9256-D33555559542}"
EndProject
Project("{FAE04EC0-301F-11D3-BF4B-00C04F79EFBC}") = "RebarMind.Tests", "RebarMind.Tests\RebarMind.Tests.csproj", "{C4A2CF59-387D-4D93-9A31-A6FDA17E5111}"
EndProject
Global
	GlobalSection(SolutionConfigurationPlatforms) = preSolution
		Debug|Any CPU = Debug|Any CPU
		Release|Any CPU = Release|Any CPU
	EndGlobalSection
	GlobalSection(SolutionProperties) = preSolution
		HideSolutionNode = FALSE
	EndGlobalSection
	GlobalSection(ProjectConfigurationPlatforms) = postSolution
		{628FC376-C516-47E1-8580-E0BDCCA015E1}.Debug|Any CPU.ActiveCfg = Debug|Any CPU
		{628FC376-C516-47E1-8580-E0BDCCA015E1}.Debug|Any CPU.Build.0 = Debug|Any CPU
		{628FC376-C516-47E1-8580-E0BDCCA015E1}.Release|Any CPU.ActiveCfg = Release|Any CPU
		{628FC376-C516-47E1-8580-E0BDCCA015E1}.Release|Any CPU.Build.0 = Release|Any CPU
		{F355B63A-2326-43BE-9256-D33555559542}.Debug|Any CPU.ActiveCfg = Debug|Any CPU
		{F355B63A-2326-43BE-9256-D33555559542}.Debug|Any CPU.Build.0 = Debug|Any CPU
		{F355B63A-2326-43BE-9256-D33555559542}.Release|Any CPU.ActiveCfg = Release|Any CPU
		{F355B63A-2326-43BE-9256-D33555559542}.Release|Any CPU.Build.0 = Release|Any CPU
		{C4A2CF59-387D-4D93-9A31-A6FDA17E5111}.Debug|Any CPU.ActiveCfg = Debug|Any CPU
		{C4A2CF59-387D-4D93-9A31-A6FDA17E5111}.Debug|Any CPU.Build.0 = Debug|Any CPU
		{C4A2CF59-387D-4D93-9A31-A6FDA17E5111}.Release|Any CPU.ActiveCfg = Release|Any CPU
		{C4A2CF59-387D-4D93-9A31-A6FDA17E5111}.Release|Any CPU.Build.0 = Release|Any CPU
	EndGlobalSection
EndGlobal
